
Microsoft Visual Studio Solution File, Format Version 12.00
# Visual Studio Version 16
VisualStudioVersion = 16.0.30523.141
MinimumVisualStudioVersion = 10.0.40219.1
Project("{FAE04EC0-301F-11D3-BF4B-00C04F79EFBC}") = "Coderr.Client.AspNet.WebApi.Demo", "Coderr.Client.AspNet.WebApi.Demo\Coderr.Client.AspNet.WebApi.Demo.csproj", "{3B130045-E1F0-488C-99F1-1E13553E4975}"
EndProject
Project("{FAE04EC0-301F-11D3-BF4B-00C04F79EFBC}") = "Coderr.Client.AspNet.WebApi", "Coderr.Client.AspNet.WebApi\Coderr.Client.AspNet.WebApi.csproj", "{1353746C-2A7E-44E4-8F0A-F61C6FCE4A4A}"
EndProject
Global
	GlobalSection(SolutionConfigurationPlatforms) = preSolution
		Debug|Any CPU = Debug|Any CPU
		Release|Any CPU = Release|Any CPU
	EndGlobalSection
	GlobalSection(ProjectConfigurationPlatforms) = postSolution
		{3B130045-E1F0-488C-99F1-1E13553E4975}.Debug|Any CPU.ActiveCfg = Debug|Any CPU
		{3B130045-E1F0-488C-99F1-1E13553E4975}.Debug|Any CPU.Build.0 = Debug|Any CPU
		{3B130045-E1F0-488C-99F1-1E13553E4975}.Release|Any CPU.ActiveCfg = Release|Any CPU
		{3B130045-E1F0-488C-99F1-1E13553E4975}.Release|Any CPU.Build.0 = Release|Any CPU
		{1353746C-2A7E-44E4-8F0A-F61C6FCE4A4A}.Debug|Any CPU.ActiveCfg = Debug|Any CPU
		{1353746C-2A7E-44E4-8F0A-F61C6FCE4A4A}.Debug|Any CPU.Build.0 = Debug|Any CPU
		{1353746C-2A7E-44E4-8F0A-F61C6FCE4A4A}.Release|Any CPU.ActiveCfg = Release|Any CPU
		{1353746C-2A7E-44E4-8F0A-F61C6FCE4A4A}.Release|Any CPU.Build.0 = Release|Any CPU
	EndGlobalSection
	GlobalSection(SolutionProperties) = preSolution
		HideSolutionNode = FALSE
	EndGlobalSection
	GlobalSection(ExtensibilityGlobals) = postSolution
		SolutionGuid = {0C3584C7-E941-416C-AE57-1F928F043932}
	EndGlobalSection
EndGlobal
